
Microsoft Visual Studio Solution File, Format Version 12.00
# Visual Studio Version 17
VisualStudioVersion = 17.3.32819.101
MinimumVisualStudioVersion = 10.0.40219.1
Project("{FAE04EC0-301F-11D3-BF4B-00C04F79EFBC}") = "Uppgifter_2022_Sep", "Uppgifter_2022_Sep\Uppgifter_2022_Sep.csproj", "{6BDD2682-E4D7-4254-BC9A-4BC0073499B5}"
EndProject
Global
	GlobalSection(SolutionConfigurationPlatforms) = preSolution
		Debug|Any CPU = Debug|Any CPU
		Release|Any CPU = Release|Any CPU
	EndGlobalSection
	GlobalSection(ProjectConfigurationPlatforms) = postSolution
		{6BDD2682-E4D7-4254-BC9A-4BC0073499B5}.Debug|Any CPU.ActiveCfg = Debug|Any CPU
		{6BDD2682-E4D7-4254-BC9A-4BC0073499B5}.Debug|Any CPU.Build.0 = Debug|Any CPU
		{6BDD2682-E4D7-4254-BC9A-4BC0073499B5}.Release|Any CPU.ActiveCfg = Release|Any CPU
		{6BDD2682-E4D7-4254-BC9A-4BC0073499B5}.Release|Any CPU.Build.0 = Release|Any CPU
	EndGlobalSection
	GlobalSection(SolutionProperties) = preSolution
		HideSolutionNode = FALSE
	EndGlobalSection
	GlobalSection(ExtensibilityGlobals) = postSolution
		SolutionGuid = {47AA7E81-3A99-4355-8975-10F24B7345C1}
	EndGlobalSection
EndGlobal
